
Microsoft Visual Studio Solution File, Format Version 12.00
# Visual Studio 15
VisualStudioVersion = 15.0.28307.421
MinimumVisualStudioVersion = 10.0.40219.1
Project("{FAE04EC0-301F-11D3-BF4B-00C04F79EFBC}") = "03.SquareArea", "03.SquareArea\03.SquareArea.csproj", "{374D3097-80E0-4C7B-BA2C-B8B580A0DCFC}"
EndProject
Global
	GlobalSection(SolutionConfigurationPlatforms) = preSolution
		Debug|Any CPU = Debug|Any CPU
		Release|Any CPU = Release|Any CPU
	EndGlobalSection
	GlobalSection(ProjectConfigurationPlatforms) = postSolution
		{374D3097-80E0-4C7B-BA2C-B8B580A0DCFC}.Debug|Any CPU.ActiveCfg = Debug|Any CPU
		{374D3097-80E0-4C7B-BA2C-B8B580A0DCFC}.Debug|Any CPU.Build.0 = Debug|Any CPU
		{374D3097-80E0-4C7B-BA2C-B8B580A0DCFC}.Release|Any CPU.ActiveCfg = Release|Any CPU
		{374D3097-80E0-4C7B-BA2C-B8B580A0DCFC}.Release|Any CPU.Build.0 = Release|Any CPU
	EndGlobalSection
	GlobalSection(SolutionProperties) = preSolution
		HideSolutionNode = FALSE
	EndGlobalSection
	GlobalSection(ExtensibilityGlobals) = postSolution
		SolutionGuid = {2F99B047-7500-499A-B759-100949BB76C3}
	EndGlobalSection
EndGlobal
