
Microsoft Visual Studio Solution File, Format Version 12.00
# Visual Studio 15
VisualStudioVersion = 15.0.28307.421
MinimumVisualStudioVersion = 10.0.40219.1
Project("{FAE04EC0-301F-11D3-BF4B-00C04F79EFBC}") = "01.ExcellentResult", "01.ExcellentResult\01.ExcellentResult.csproj", "{3DCA4E22-13AE-46A7-9EC8-0BAD04507518}"
EndProject
Global
	GlobalSection(SolutionConfigurationPlatforms) = preSolution
		Debug|Any CPU = Debug|Any CPU
		Release|Any CPU = Release|Any CPU
	EndGlobalSection
	GlobalSection(ProjectConfigurationPlatforms) = postSolution
		{3DCA4E22-13AE-46A7-9EC8-0BAD04507518}.Debug|Any CPU.ActiveCfg = Debug|Any CPU
		{3DCA4E22-13AE-46A7-9EC8-0BAD04507518}.Debug|Any CPU.Build.0 = Debug|Any CPU
		{3DCA4E22-13AE-46A7-9EC8-0BAD04507518}.Release|Any CPU.ActiveCfg = Release|Any CPU
		{3DCA4E22-13AE-46A7-9EC8-0BAD04507518}.Release|Any CPU.Build.0 = Release|Any CPU
	EndGlobalSection
	GlobalSection(SolutionProperties) = preSolution
		HideSolutionNode = FALSE
	EndGlobalSection
	GlobalSection(ExtensibilityGlobals) = postSolution
		SolutionGuid = {CD3EA47A-34B6-4224-86E5-05DC7E3E8251}
	EndGlobalSection
EndGlobal
