
Microsoft Visual Studio Solution File, Format Version 12.00
# Visual Studio 15
VisualStudioVersion = 15.0.28307.421
MinimumVisualStudioVersion = 10.0.40219.1
Project("{FAE04EC0-301F-11D3-BF4B-00C04F79EFBC}") = "04.NewHouse", "04.NewHouse\04.NewHouse.csproj", "{5DE1E8AE-4143-4F2F-8B24-37F48FED3779}"
EndProject
Global
	GlobalSection(SolutionConfigurationPlatforms) = preSolution
		Debug|Any CPU = Debug|Any CPU
		Release|Any CPU = Release|Any CPU
	EndGlobalSection
	GlobalSection(ProjectConfigurationPlatforms) = postSolution
		{5DE1E8AE-4143-4F2F-8B24-37F48FED3779}.Debug|Any CPU.ActiveCfg = Debug|Any CPU
		{5DE1E8AE-4143-4F2F-8B24-37F48FED3779}.Debug|Any CPU.Build.0 = Debug|Any CPU
		{5DE1E8AE-4143-4F2F-8B24-37F48FED3779}.Release|Any CPU.ActiveCfg = Release|Any CPU
		{5DE1E8AE-4143-4F2F-8B24-37F48FED3779}.Release|Any CPU.Build.0 = Release|Any CPU
	EndGlobalSection
	GlobalSection(SolutionProperties) = preSolution
		HideSolutionNode = FALSE
	EndGlobalSection
	GlobalSection(ExtensibilityGlobals) = postSolution
		SolutionGuid = {27709808-297F-4F17-B5BC-97DBE25EA319}
	EndGlobalSection
EndGlobal
