
Microsoft Visual Studio Solution File, Format Version 12.00
# Visual Studio 15
VisualStudioVersion = 15.0.28307.421
MinimumVisualStudioVersion = 10.0.40219.1
Project("{FAE04EC0-301F-11D3-BF4B-00C04F79EFBC}") = "11.AnimalType", "11.AnimalType\11.AnimalType.csproj", "{B4291D6E-5CEF-48DD-9279-5C3E84F3960F}"
EndProject
Global
	GlobalSection(SolutionConfigurationPlatforms) = preSolution
		Debug|Any CPU = Debug|Any CPU
		Release|Any CPU = Release|Any CPU
	EndGlobalSection
	GlobalSection(ProjectConfigurationPlatforms) = postSolution
		{B4291D6E-5CEF-48DD-9279-5C3E84F3960F}.Debug|Any CPU.ActiveCfg = Debug|Any CPU
		{B4291D6E-5CEF-48DD-9279-5C3E84F3960F}.Debug|Any CPU.Build.0 = Debug|Any CPU
		{B4291D6E-5CEF-48DD-9279-5C3E84F3960F}.Release|Any CPU.ActiveCfg = Release|Any CPU
		{B4291D6E-5CEF-48DD-9279-5C3E84F3960F}.Release|Any CPU.Build.0 = Release|Any CPU
	EndGlobalSection
	GlobalSection(SolutionProperties) = preSolution
		HideSolutionNode = FALSE
	EndGlobalSection
	GlobalSection(ExtensibilityGlobals) = postSolution
		SolutionGuid = {CF13E691-A5B0-4F15-BDDC-F510131B0085}
	EndGlobalSection
EndGlobal
