
Microsoft Visual Studio Solution File, Format Version 12.00
# Visual Studio 15
VisualStudioVersion = 15.0.28307.421
MinimumVisualStudioVersion = 10.0.40219.1
Project("{FAE04EC0-301F-11D3-BF4B-00C04F79EFBC}") = "04.TailoringWorkshop", "04.TailoringWorkshop\04.TailoringWorkshop.csproj", "{07970C13-7E46-49A6-83F9-1D809C99547C}"
EndProject
Global
	GlobalSection(SolutionConfigurationPlatforms) = preSolution
		Debug|Any CPU = Debug|Any CPU
		Release|Any CPU = Release|Any CPU
	EndGlobalSection
	GlobalSection(ProjectConfigurationPlatforms) = postSolution
		{07970C13-7E46-49A6-83F9-1D809C99547C}.Debug|Any CPU.ActiveCfg = Debug|Any CPU
		{07970C13-7E46-49A6-83F9-1D809C99547C}.Debug|Any CPU.Build.0 = Debug|Any CPU
		{07970C13-7E46-49A6-83F9-1D809C99547C}.Release|Any CPU.ActiveCfg = Release|Any CPU
		{07970C13-7E46-49A6-83F9-1D809C99547C}.Release|Any CPU.Build.0 = Release|Any CPU
	EndGlobalSection
	GlobalSection(SolutionProperties) = preSolution
		HideSolutionNode = FALSE
	EndGlobalSection
	GlobalSection(ExtensibilityGlobals) = postSolution
		SolutionGuid = {267547F1-EBB2-4748-8ED2-99CF03EE7E05}
	EndGlobalSection
EndGlobal
