
Microsoft Visual Studio Solution File, Format Version 12.00
# Visual Studio 15
VisualStudioVersion = 15.0.28307.421
MinimumVisualStudioVersion = 10.0.40219.1
Project("{FAE04EC0-301F-11D3-BF4B-00C04F79EFBC}") = "04.InchesToCentimeters", "04.InchesToCentimeters\04.InchesToCentimeters.csproj", "{D8DA2E61-BD81-40B6-8FD2-C42053F82370}"
EndProject
Global
	GlobalSection(SolutionConfigurationPlatforms) = preSolution
		Debug|Any CPU = Debug|Any CPU
		Release|Any CPU = Release|Any CPU
	EndGlobalSection
	GlobalSection(ProjectConfigurationPlatforms) = postSolution
		{D8DA2E61-BD81-40B6-8FD2-C42053F82370}.Debug|Any CPU.ActiveCfg = Debug|Any CPU
		{D8DA2E61-BD81-40B6-8FD2-C42053F82370}.Debug|Any CPU.Build.0 = Debug|Any CPU
		{D8DA2E61-BD81-40B6-8FD2-C42053F82370}.Release|Any CPU.ActiveCfg = Release|Any CPU
		{D8DA2E61-BD81-40B6-8FD2-C42053F82370}.Release|Any CPU.Build.0 = Release|Any CPU
	EndGlobalSection
	GlobalSection(SolutionProperties) = preSolution
		HideSolutionNode = FALSE
	EndGlobalSection
	GlobalSection(ExtensibilityGlobals) = postSolution
		SolutionGuid = {DC4D4D23-1FE7-4244-98CA-4C5F79127E2D}
	EndGlobalSection
EndGlobal
