
Microsoft Visual Studio Solution File, Format Version 12.00
# Visual Studio 15
VisualStudioVersion = 15.0.28307.421
MinimumVisualStudioVersion = 10.0.40219.1
Project("{FAE04EC0-301F-11D3-BF4B-00C04F79EFBC}") = "04.FruitOrVegetable", "04.FruitOrVegetable\04.FruitOrVegetable.csproj", "{EBCD90CA-0938-4D5C-8E49-1CD97A38FA10}"
EndProject
Global
	GlobalSection(SolutionConfigurationPlatforms) = preSolution
		Debug|Any CPU = Debug|Any CPU
		Release|Any CPU = Release|Any CPU
	EndGlobalSection
	GlobalSection(ProjectConfigurationPlatforms) = postSolution
		{EBCD90CA-0938-4D5C-8E49-1CD97A38FA10}.Debug|Any CPU.ActiveCfg = Debug|Any CPU
		{EBCD90CA-0938-4D5C-8E49-1CD97A38FA10}.Debug|Any CPU.Build.0 = Debug|Any CPU
		{EBCD90CA-0938-4D5C-8E49-1CD97A38FA10}.Release|Any CPU.ActiveCfg = Release|Any CPU
		{EBCD90CA-0938-4D5C-8E49-1CD97A38FA10}.Release|Any CPU.Build.0 = Release|Any CPU
	EndGlobalSection
	GlobalSection(SolutionProperties) = preSolution
		HideSolutionNode = FALSE
	EndGlobalSection
	GlobalSection(ExtensibilityGlobals) = postSolution
		SolutionGuid = {A797CC13-65EC-407D-9F9B-A1A472349288}
	EndGlobalSection
EndGlobal
