
Microsoft Visual Studio Solution File, Format Version 12.00
# Visual Studio 15
VisualStudioVersion = 15.0.28307.421
MinimumVisualStudioVersion = 10.0.40219.1
Project("{FAE04EC0-301F-11D3-BF4B-00C04F79EFBC}") = "07.AlcoholMarket", "07.AlcoholMarket\07.AlcoholMarket.csproj", "{D455B37C-ACB5-4C3B-BE98-5C3C813F40EB}"
EndProject
Global
	GlobalSection(SolutionConfigurationPlatforms) = preSolution
		Debug|Any CPU = Debug|Any CPU
		Release|Any CPU = Release|Any CPU
	EndGlobalSection
	GlobalSection(ProjectConfigurationPlatforms) = postSolution
		{D455B37C-ACB5-4C3B-BE98-5C3C813F40EB}.Debug|Any CPU.ActiveCfg = Debug|Any CPU
		{D455B37C-ACB5-4C3B-BE98-5C3C813F40EB}.Debug|Any CPU.Build.0 = Debug|Any CPU
		{D455B37C-ACB5-4C3B-BE98-5C3C813F40EB}.Release|Any CPU.ActiveCfg = Release|Any CPU
		{D455B37C-ACB5-4C3B-BE98-5C3C813F40EB}.Release|Any CPU.Build.0 = Release|Any CPU
	EndGlobalSection
	GlobalSection(SolutionProperties) = preSolution
		HideSolutionNode = FALSE
	EndGlobalSection
	GlobalSection(ExtensibilityGlobals) = postSolution
		SolutionGuid = {3505CC1C-C3D4-4973-9828-6B282F06668A}
	EndGlobalSection
EndGlobal
