
Microsoft Visual Studio Solution File, Format Version 12.00
# Visual Studio 15
VisualStudioVersion = 15.0.28307.421
MinimumVisualStudioVersion = 10.0.40219.1
Project("{FAE04EC0-301F-11D3-BF4B-00C04F79EFBC}") = "02.ConcatenateData", "02.ConcatenateData\02.ConcatenateData.csproj", "{9EB982AC-0556-4B75-A792-3E91A561B2C3}"
EndProject
Global
	GlobalSection(SolutionConfigurationPlatforms) = preSolution
		Debug|Any CPU = Debug|Any CPU
		Release|Any CPU = Release|Any CPU
	EndGlobalSection
	GlobalSection(ProjectConfigurationPlatforms) = postSolution
		{9EB982AC-0556-4B75-A792-3E91A561B2C3}.Debug|Any CPU.ActiveCfg = Debug|Any CPU
		{9EB982AC-0556-4B75-A792-3E91A561B2C3}.Debug|Any CPU.Build.0 = Debug|Any CPU
		{9EB982AC-0556-4B75-A792-3E91A561B2C3}.Release|Any CPU.ActiveCfg = Release|Any CPU
		{9EB982AC-0556-4B75-A792-3E91A561B2C3}.Release|Any CPU.Build.0 = Release|Any CPU
	EndGlobalSection
	GlobalSection(SolutionProperties) = preSolution
		HideSolutionNode = FALSE
	EndGlobalSection
	GlobalSection(ExtensibilityGlobals) = postSolution
		SolutionGuid = {1CF4DA35-DA15-4891-B0AA-98F25A8EE6B1}
	EndGlobalSection
EndGlobal
