
Microsoft Visual Studio Solution File, Format Version 12.00
# Visual Studio 15
VisualStudioVersion = 15.0.28307.421
MinimumVisualStudioVersion = 10.0.40219.1
Project("{FAE04EC0-301F-11D3-BF4B-00C04F79EFBC}") = "05.3EqualNumbers", "05.3EqualNumbers\05.3EqualNumbers.csproj", "{28CF7BBE-02B4-4A03-B0B6-ABBA63055F36}"
EndProject
Global
	GlobalSection(SolutionConfigurationPlatforms) = preSolution
		Debug|Any CPU = Debug|Any CPU
		Release|Any CPU = Release|Any CPU
	EndGlobalSection
	GlobalSection(ProjectConfigurationPlatforms) = postSolution
		{28CF7BBE-02B4-4A03-B0B6-ABBA63055F36}.Debug|Any CPU.ActiveCfg = Debug|Any CPU
		{28CF7BBE-02B4-4A03-B0B6-ABBA63055F36}.Debug|Any CPU.Build.0 = Debug|Any CPU
		{28CF7BBE-02B4-4A03-B0B6-ABBA63055F36}.Release|Any CPU.ActiveCfg = Release|Any CPU
		{28CF7BBE-02B4-4A03-B0B6-ABBA63055F36}.Release|Any CPU.Build.0 = Release|Any CPU
	EndGlobalSection
	GlobalSection(SolutionProperties) = preSolution
		HideSolutionNode = FALSE
	EndGlobalSection
	GlobalSection(ExtensibilityGlobals) = postSolution
		SolutionGuid = {94F36444-821C-4A22-960A-683A1B78653F}
	EndGlobalSection
EndGlobal
