
Microsoft Visual Studio Solution File, Format Version 12.00
# Visual Studio 15
VisualStudioVersion = 15.0.28307.421
MinimumVisualStudioVersion = 10.0.40219.1
Project("{FAE04EC0-301F-11D3-BF4B-00C04F79EFBC}") = "01.PersonalTitles", "01.PersonalTitles\01.PersonalTitles.csproj", "{7FB5DB06-5B2B-467D-ADA3-B087DD9821E4}"
EndProject
Global
	GlobalSection(SolutionConfigurationPlatforms) = preSolution
		Debug|Any CPU = Debug|Any CPU
		Release|Any CPU = Release|Any CPU
	EndGlobalSection
	GlobalSection(ProjectConfigurationPlatforms) = postSolution
		{7FB5DB06-5B2B-467D-ADA3-B087DD9821E4}.Debug|Any CPU.ActiveCfg = Debug|Any CPU
		{7FB5DB06-5B2B-467D-ADA3-B087DD9821E4}.Debug|Any CPU.Build.0 = Debug|Any CPU
		{7FB5DB06-5B2B-467D-ADA3-B087DD9821E4}.Release|Any CPU.ActiveCfg = Release|Any CPU
		{7FB5DB06-5B2B-467D-ADA3-B087DD9821E4}.Release|Any CPU.Build.0 = Release|Any CPU
	EndGlobalSection
	GlobalSection(SolutionProperties) = preSolution
		HideSolutionNode = FALSE
	EndGlobalSection
	GlobalSection(ExtensibilityGlobals) = postSolution
		SolutionGuid = {643D9D0D-A33E-4A0A-8BCD-D725AA7522DA}
	EndGlobalSection
EndGlobal
