
Microsoft Visual Studio Solution File, Format Version 12.00
# Visual Studio 15
VisualStudioVersion = 15.0.28307.421
MinimumVisualStudioVersion = 10.0.40219.1
Project("{FAE04EC0-301F-11D3-BF4B-00C04F79EFBC}") = "01.GreetingByName", "01.GreetingByName\01.GreetingByName.csproj", "{2F27AFCA-7F51-429E-91BE-6558F7622C20}"
EndProject
Global
	GlobalSection(SolutionConfigurationPlatforms) = preSolution
		Debug|Any CPU = Debug|Any CPU
		Release|Any CPU = Release|Any CPU
	EndGlobalSection
	GlobalSection(ProjectConfigurationPlatforms) = postSolution
		{2F27AFCA-7F51-429E-91BE-6558F7622C20}.Debug|Any CPU.ActiveCfg = Debug|Any CPU
		{2F27AFCA-7F51-429E-91BE-6558F7622C20}.Debug|Any CPU.Build.0 = Debug|Any CPU
		{2F27AFCA-7F51-429E-91BE-6558F7622C20}.Release|Any CPU.ActiveCfg = Release|Any CPU
		{2F27AFCA-7F51-429E-91BE-6558F7622C20}.Release|Any CPU.Build.0 = Release|Any CPU
	EndGlobalSection
	GlobalSection(SolutionProperties) = preSolution
		HideSolutionNode = FALSE
	EndGlobalSection
	GlobalSection(ExtensibilityGlobals) = postSolution
		SolutionGuid = {9A9CF752-645E-430D-BCC2-B0C526CF8548}
	EndGlobalSection
EndGlobal
