
Microsoft Visual Studio Solution File, Format Version 12.00
# Visual Studio 15
VisualStudioVersion = 15.0.28307.421
MinimumVisualStudioVersion = 10.0.40219.1
Project("{FAE04EC0-301F-11D3-BF4B-00C04F79EFBC}") = "02.GreaterNumber", "02.GreaterNumber\02.GreaterNumber.csproj", "{3F764E0B-E687-4359-820E-CDD519AE1284}"
EndProject
Global
	GlobalSection(SolutionConfigurationPlatforms) = preSolution
		Debug|Any CPU = Debug|Any CPU
		Release|Any CPU = Release|Any CPU
	EndGlobalSection
	GlobalSection(ProjectConfigurationPlatforms) = postSolution
		{3F764E0B-E687-4359-820E-CDD519AE1284}.Debug|Any CPU.ActiveCfg = Debug|Any CPU
		{3F764E0B-E687-4359-820E-CDD519AE1284}.Debug|Any CPU.Build.0 = Debug|Any CPU
		{3F764E0B-E687-4359-820E-CDD519AE1284}.Release|Any CPU.ActiveCfg = Release|Any CPU
		{3F764E0B-E687-4359-820E-CDD519AE1284}.Release|Any CPU.Build.0 = Release|Any CPU
	EndGlobalSection
	GlobalSection(SolutionProperties) = preSolution
		HideSolutionNode = FALSE
	EndGlobalSection
	GlobalSection(ExtensibilityGlobals) = postSolution
		SolutionGuid = {0F5428E3-31DF-4BE1-9F99-3E16436C52FF}
	EndGlobalSection
EndGlobal
