
Microsoft Visual Studio Solution File, Format Version 12.00
# Visual Studio 15
VisualStudioVersion = 15.0.28307.421
MinimumVisualStudioVersion = 10.0.40219.1
Project("{FAE04EC0-301F-11D3-BF4B-00C04F79EFBC}") = "09.AreaOfFigures", "09.AreaOfFigures\09.AreaOfFigures.csproj", "{C3AB62C1-2586-41C1-B23E-9C3E848F63A2}"
EndProject
Global
	GlobalSection(SolutionConfigurationPlatforms) = preSolution
		Debug|Any CPU = Debug|Any CPU
		Release|Any CPU = Release|Any CPU
	EndGlobalSection
	GlobalSection(ProjectConfigurationPlatforms) = postSolution
		{C3AB62C1-2586-41C1-B23E-9C3E848F63A2}.Debug|Any CPU.ActiveCfg = Debug|Any CPU
		{C3AB62C1-2586-41C1-B23E-9C3E848F63A2}.Debug|Any CPU.Build.0 = Debug|Any CPU
		{C3AB62C1-2586-41C1-B23E-9C3E848F63A2}.Release|Any CPU.ActiveCfg = Release|Any CPU
		{C3AB62C1-2586-41C1-B23E-9C3E848F63A2}.Release|Any CPU.Build.0 = Release|Any CPU
	EndGlobalSection
	GlobalSection(SolutionProperties) = preSolution
		HideSolutionNode = FALSE
	EndGlobalSection
	GlobalSection(ExtensibilityGlobals) = postSolution
		SolutionGuid = {2B340E1B-E292-43CD-B479-271C38E451B4}
	EndGlobalSection
EndGlobal
